{
  "name": "capacitor-media",
  "version": "2.0.1",
  "lockfileVersion": 1,
  "requires": true,
  "dependencies": {
    "@capacitor/android": {
      "version": "2.1.0",
      "resolved": "https://registry.npmjs.org/@capacitor/android/-/android-2.1.0.tgz",
      "integrity": "sha512-20t6Ep4cVp6X/7tz3BzvNyqv6WEMfZr4VLA3nQC7WxTLfrYSWWaP8vaKvTFn8u56qCSoCUwYmYlpkib38ptwJg==",
      "dev": true
    },
    "@capacitor/core": {
      "version": "2.1.0",
      "resolved": "https://registry.npmjs.org/@capacitor/core/-/core-2.1.0.tgz",
      "integrity": "sha512-KIDj067PGaNSIODqzDp99vPs7CVpx+SRVrfgcQ9MNvpTUFsnDx/taRixbucizj8lLH2mhK12dH/4TjU7eqXQ4A==",
      "requires": {
        "tslib": "^1.9.0"
      }
    },
    "@capacitor/ios": {
      "version": "2.1.0",
      "resolved": "https://registry.npmjs.org/@capacitor/ios/-/ios-2.1.0.tgz",
      "integrity": "sha512-KE5hGQiv86Ply/WvT5OvrRBcbM+XdqbGkfp03hK8TG8tYNvJw4mXT3+bH5QsOVOI23o4LVzRWtwPmDyxCw+Pyw==",
      "dev": true
    },
    "tslib": {
      "version": "1.13.0",
      "resolved": "https://registry.npmjs.org/tslib/-/tslib-1.13.0.tgz",
      "integrity": "sha512-i/6DQjL8Xf3be4K/E6Wgpekn5Qasl1usyw++dAA35Ue5orEn65VIxOA+YvNNl9HV3qv70T7CNwjODHZrLwvd1Q=="
    },
    "typescript": {
      "version": "3.9.2",
      "resolved": "https://registry.npmjs.org/typescript/-/typescript-3.9.2.tgz",
      "integrity": "sha512-q2ktq4n/uLuNNShyayit+DTobV2ApPEo/6so68JaD5ojvc/6GClBipedB9zNWYxRSAlZXAe405Rlijzl6qDiSw==",
      "dev": true
    }
  }
}
